// !$*UTF8*$!
{
	archiveVersion = 1;
	classes = {
	};
	objectVersion = 56;
	objects = {

/* Begin PBXBuildFile section */
		19227D2929D8AB86000ACCE8 /* CategoryViewController.swift in Sources */ = {isa = PBXBuildFile; fileRef = 19227D2829D8AB86000ACCE8 /* CategoryViewController.swift */; };
		19426E9B29D44C5900BF013D /* DataModel.xcdatamodeld in Sources */ = {isa = PBXBuildFile; fileRef = 19426E9929D44C5900BF013D /* DataModel.xcdatamodeld */; };
		199C6AAB29C23F7300E788A7 /* AppDelegate.swift in Sources */ = {isa = PBXBuildFile; fileRef = 199C6AAA29C23F7300E788A7 /* AppDelegate.swift */; };
		199C6AAD29C23F7300E788A7 /* SceneDelegate.swift in Sources */ = {isa = PBXBuildFile; fileRef = 199C6AAC29C23F7300E788A7 /* SceneDelegate.swift */; };
		199C6AAF29C23F7300E788A7 /* TodoListViewController.swift in Sources */ = {isa = PBXBuildFile; fileRef = 199C6AAE29C23F7300E788A7 /* TodoListViewController.swift */; };
		199C6AB229C23F7300E788A7 /* Main.storyboard in Resources */ = {isa = PBXBuildFile; fileRef = 199C6AB029C23F7300E788A7 /* Main.storyboard */; };
		199C6AB429C23F7400E788A7 /* Assets.xcassets in Resources */ = {isa = PBXBuildFile; fileRef = 199C6AB329C23F7400E788A7 /* Assets.xcassets */; };
		199C6AB729C23F7400E788A7 /* LaunchScreen.storyboard in Resources */ = {isa = PBXBuildFile; fileRef = 199C6AB529C23F7400E788A7 /* LaunchScreen.storyboard */; };
		AFD318BA586E3942E5E29958 /* Pods_YoTi.framework in Frameworks */ = {isa = PBXBuildFile; fileRef = 44EAD4E861C5E5E744E11686 /* Pods_YoTi.framework */; };
/* End PBXBuildFile section */

/* Begin PBXFileReference section */
		0FDE3629BB60866A68C53226 /* Pods-YoTi.release.xcconfig */ = {isa = PBXFileReference; includeInIndex = 1; lastKnownFileType = text.xcconfig; name = "Pods-YoTi.release.xcconfig"; path = "Target Support Files/Pods-YoTi/Pods-YoTi.release.xcconfig"; sourceTree = "<group>"; };
		19227D2829D8AB86000ACCE8 /* CategoryViewController.swift */ = {isa = PBXFileReference; lastKnownFileType = sourcecode.swift; path = CategoryViewController.swift; sourceTree = "<group>"; };
		19426E9A29D44C5900BF013D /* DataModel.xcdatamodel */ = {isa = PBXFileReference; explicitFileType = wrapper.xcdatamodel; path = DataModel.xcdatamodel; sourceTree = "<group>"; };
		199C6AA729C23F7300E788A7 /* YoTi.app */ = {isa = PBXFileReference; explicitFileType = wrapper.application; includeInIndex = 0; path = YoTi.app; sourceTree = BUILT_PRODUCTS_DIR; };
		199C6AAA29C23F7300E788A7 /* AppDelegate.swift */ = {isa = PBXFileReference; lastKnownFileType = sourcecode.swift; path = AppDelegate.swift; sourceTree = "<group>"; };
		199C6AAC29C23F7300E788A7 /* SceneDelegate.swift */ = {isa = PBXFileReference; lastKnownFileType = sourcecode.swift; path = SceneDelegate.swift; sourceTree = "<group>"; };
		199C6AAE29C23F7300E788A7 /* TodoListViewController.swift */ = {isa = PBXFileReference; lastKnownFileType = sourcecode.swift; path = TodoListViewController.swift; sourceTree = "<group>"; };
		199C6AB129C23F7300E788A7 /* Base */ = {isa = PBXFileReference; lastKnownFileType = file.storyboard; name = Base; path = Base.lproj/Main.storyboard; sourceTree = "<group>"; };
		199C6AB329C23F7400E788A7 /* Assets.xcassets */ = {isa = PBXFileReference; lastKnownFileType = folder.assetcatalog; path = Assets.xcassets; sourceTree = "<group>"; };
		199C6AB629C23F7400E788A7 /* Base */ = {isa = PBXFileReference; lastKnownFileType = file.storyboard; name = Base; path = Base.lproj/LaunchScreen.storyboard; sourceTree = "<group>"; };
		199C6AB829C23F7400E788A7 /* Info.plist */ = {isa = PBXFileReference; lastKnownFileType = text.plist.xml; path = Info.plist; sourceTree = "<group>"; };
		41696227A7B0480EA54E5605 /* Pods-YoTi.debug.xcconfig */ = {isa = PBXFileReference; includeInIndex = 1; lastKnownFileType = text.xcconfig; name = "Pods-YoTi.debug.xcconfig"; path = "Target Support Files/Pods-YoTi/Pods-YoTi.debug.xcconfig"; sourceTree = "<group>"; };
		44EAD4E861C5E5E744E11686 /* Pods_YoTi.framework */ = {isa = PBXFileReference; explicitFileType = wrapper.framework; includeInIndex = 0; path = Pods_YoTi.framework; sourceTree = BUILT_PRODUCTS_DIR; };
/* End PBXFileReference section */

/* Begin PBXFrameworksBuildPhase section */
		199C6AA429C23F7300E788A7 /* Frameworks */ = {
			isa = PBXFrameworksBuildPhase;
			buildActionMask = 2147483647;
			files = (
				AFD318BA586E3942E5E29958 /* Pods_YoTi.framework in Frameworks */,
			);
			runOnlyForDeploymentPostprocessing = 0;
		};
/* End PBXFrameworksBuildPhase section */

/* Begin PBXGroup section */
		19227D2729D8AB65000ACCE8 /* Product */ = {
			isa = PBXGroup;
			children = (
				199C6AAC29C23F7300E788A7 /* SceneDelegate.swift */,
			);
			path = Product;
			sourceTree = "<group>";
		};
		199C6A9E29C23F7300E788A7 = {
			isa = PBXGroup;
			children = (
				199C6AA929C23F7300E788A7 /* YoTi */,
				199C6AA829C23F7300E788A7 /* Products */,
				8946839EB437C71741A272F7 /* Pods */,
				38742F9EC434A3C044D6BC4A /* Frameworks */,
			);
			sourceTree = "<group>";
		};
		199C6AA829C23F7300E788A7 /* Products */ = {
			isa = PBXGroup;
			children = (
				199C6AA729C23F7300E788A7 /* YoTi.app */,
			);
			name = Products;
			sourceTree = "<group>";
		};
		199C6AA929C23F7300E788A7 /* YoTi */ = {
			isa = PBXGroup;
			children = (
				19AFD26E29C37675000823F6 /* Data Model */,
				19AFD26D29C3765B000823F6 /* Supporting Files */,
				19AFD26C29C3764F000823F6 /* Views */,
				19AFD26B29C3763D000823F6 /* Controllers */,
				199C6AAA29C23F7300E788A7 /* AppDelegate.swift */,
				19227D2729D8AB65000ACCE8 /* Product */,
				199C6AB829C23F7400E788A7 /* Info.plist */,
			);
			path = YoTi;
			sourceTree = "<group>";
		};
		19AFD26B29C3763D000823F6 /* Controllers */ = {
			isa = PBXGroup;
			children = (
				199C6AAE29C23F7300E788A7 /* TodoListViewController.swift */,
				19227D2829D8AB86000ACCE8 /* CategoryViewController.swift */,
			);
			path = Controllers;
			sourceTree = "<group>";
		};
		19AFD26C29C3764F000823F6 /* Views */ = {
			isa = PBXGroup;
			children = (
				199C6AB029C23F7300E788A7 /* Main.storyboard */,
			);
			path = Views;
			sourceTree = "<group>";
		};
		19AFD26D29C3765B000823F6 /* Supporting Files */ = {
			isa = PBXGroup;
			children = (
				199C6AB329C23F7400E788A7 /* Assets.xcassets */,
				199C6AB529C23F7400E788A7 /* LaunchScreen.storyboard */,
			);
			path = "Supporting Files";
			sourceTree = "<group>";
		};
		19AFD26E29C37675000823F6 /* Data Model */ = {
			isa = PBXGroup;
			children = (
				19426E9929D44C5900BF013D /* DataModel.xcdatamodeld */,
			);
			path = "Data Model";
			sourceTree = "<group>";
		};
		38742F9EC434A3C044D6BC4A /* Frameworks */ = {
			isa = PBXGroup;
			children = (
				44EAD4E861C5E5E744E11686 /* Pods_YoTi.framework */,
			);
			name = Frameworks;
			sourceTree = "<group>";
		};
		8946839EB437C71741A272F7 /* Pods */ = {
			isa = PBXGroup;
			children = (
				41696227A7B0480EA54E5605 /* Pods-YoTi.debug.xcconfig */,
				0FDE3629BB60866A68C53226 /* Pods-YoTi.release.xcconfig */,
			);
			name = Pods;
			path = Pods;
			sourceTree = "<group>";
		};
/* End PBXGroup section */

/* Begin PBXNativeTarget section */
		199C6AA629C23F7300E788A7 /* YoTi */ = {
			isa = PBXNativeTarget;
			buildConfigurationList = 199C6ABB29C23F7400E788A7 /* Build configuration list for PBXNativeTarget "YoTi" */;
			buildPhases = (
				0BE06A4BE8497031141D6945 /* [CP] Check Pods Manifest.lock */,
				199C6AA329C23F7300E788A7 /* Sources */,
				199C6AA429C23F7300E788A7 /* Frameworks */,
				199C6AA529C23F7300E788A7 /* Resources */,
				98DAED8692F3A57F0034CC3F /* [CP] Embed Pods Frameworks */,
			);
			buildRules = (
			);
			dependencies = (
			);
			name = YoTi;
			productName = YoTi;
			productReference = 199C6AA729C23F7300E788A7 /* YoTi.app */;
			productType = "com.apple.product-type.application";
		};
/* End PBXNativeTarget section */

/* Begin PBXProject section */
		199C6A9F29C23F7300E788A7 /* Project object */ = {
			isa = PBXProject;
			attributes = {
				BuildIndependentTargetsInParallel = 1;
				LastSwiftUpdateCheck = 1420;
				LastUpgradeCheck = 1420;
				TargetAttributes = {
					199C6AA629C23F7300E788A7 = {
						CreatedOnToolsVersion = 14.2;
					};
				};
			};
			buildConfigurationList = 199C6AA229C23F7300E788A7 /* Build configuration list for PBXProject "YoTi" */;
			compatibilityVersion = "Xcode 14.0";
			developmentRegion = en;
			hasScannedForEncodings = 0;
			knownRegions = (
				en,
				Base,
			);
			mainGroup = 199C6A9E29C23F7300E788A7;
			productRefGroup = 199C6AA829C23F7300E788A7 /* Products */;
			projectDirPath = "";
			projectRoot = "";
			targets = (
				199C6AA629C23F7300E788A7 /* YoTi */,
			);
		};
/* End PBXProject section */

/* Begin PBXResourcesBuildPhase section */
		199C6AA529C23F7300E788A7 /* Resources */ = {
			isa = PBXResourcesBuildPhase;
			buildActionMask = 2147483647;
			files = (
				199C6AB729C23F7400E788A7 /* LaunchScreen.storyboard in Resources */,
				199C6AB429C23F7400E788A7 /* Assets.xcassets in Resources */,
				199C6AB229C23F7300E788A7 /* Main.storyboard in Resources */,
			);
			runOnlyForDeploymentPostprocessing = 0;
		};
/* End PBXResourcesBuildPhase section */

/* Begin PBXShellScriptBuildPhase section */
		0BE06A4BE8497031141D6945 /* [CP] Check Pods Manifest.lock */ = {
			isa = PBXShellScriptBuildPhase;
			buildActionMask = 2147483647;
			files = (
			);
			inputFileListPaths = (
			);
			inputPaths = (
				"${PODS_PODFILE_DIR_PATH}/Podfile.lock",
				"${PODS_ROOT}/Manifest.lock",
			);
			name = "[CP] Check Pods Manifest.lock";
			outputFileListPaths = (
			);
			outputPaths = (
				"$(DERIVED_FILE_DIR)/Pods-YoTi-checkManifestLockResult.txt",
			);
			runOnlyForDeploymentPostprocessing = 0;
			shellPath = /bin/sh;
			shellScript = "diff \"${PODS_PODFILE_DIR_PATH}/Podfile.lock\" \"${PODS_ROOT}/Manifest.lock\" > /dev/null\nif [ $? != 0 ] ; then\n    # print error to STDERR\n    echo \"error: The sandbox is not in sync with the Podfile.lock. Run 'pod install' or update your CocoaPods installation.\" >&2\n    exit 1\nfi\n# This output is used by Xcode 'outputs' to avoid re-running this script phase.\necho \"SUCCESS\" > \"${SCRIPT_OUTPUT_FILE_0}\"\n";
			showEnvVarsInLog = 0;
		};
		98DAED8692F3A57F0034CC3F /* [CP] Embed Pods Frameworks */ = {
			isa = PBXShellScriptBuildPhase;
			buildActionMask = 2147483647;
			files = (
			);
			inputFileListPaths = (
				"${PODS_ROOT}/Target Support Files/Pods-YoTi/Pods-YoTi-frameworks-${CONFIGURATION}-input-files.xcfilelist",
			);
			name = "[CP] Embed Pods Frameworks";
			outputFileListPaths = (
				"${PODS_ROOT}/Target Support Files/Pods-YoTi/Pods-YoTi-frameworks-${CONFIGURATION}-output-files.xcfilelist",
			);
			runOnlyForDeploymentPostprocessing = 0;
			shellPath = /bin/sh;
			shellScript = "\"${PODS_ROOT}/Target Support Files/Pods-YoTi/Pods-YoTi-frameworks.sh\"\n";
			showEnvVarsInLog = 0;
		};
/* End PBXShellScriptBuildPhase section */

/* Begin PBXSourcesBuildPhase section */
		199C6AA329C23F7300E788A7 /* Sources */ = {
			isa = PBXSourcesBuildPhase;
			buildActionMask = 2147483647;
			files = (
				19227D2929D8AB86000ACCE8 /* CategoryViewController.swift in Sources */,
				19426E9B29D44C5900BF013D /* DataModel.xcdatamodeld in Sources */,
				199C6AAF29C23F7300E788A7 /* TodoListViewController.swift in Sources */,
				199C6AAB29C23F7300E788A7 /* AppDelegate.swift in Sources */,
				199C6AAD29C23F7300E788A7 /* SceneDelegate.swift in Sources */,
			);
			runOnlyForDeploymentPostprocessing = 0;
		};
/* End PBXSourcesBuildPhase section */

/* Begin PBXVariantGroup section */
		199C6AB029C23F7300E788A7 /* Main.storyboard */ = {
			isa = PBXVariantGroup;
			children = (
				199C6AB129C23F7300E788A7 /* Base */,
			);
			name = Main.storyboard;
			sourceTree = "<group>";
		};
		199C6AB529C23F7400E788A7 /* LaunchScreen.storyboard */ = {
			isa = PBXVariantGroup;
			children = (
				199C6AB629C23F7400E788A7 /* Base */,
			);
			name = LaunchScreen.storyboard;
			sourceTree = "<group>";
		};
/* End PBXVariantGroup section */

/* Begin XCBuildConfiguration section */
		199C6AB929C23F7400E788A7 /* Debug */ = {
			isa = XCBuildConfiguration;
			buildSettings = {
				ALWAYS_SEARCH_USER_PATHS = NO;
				CLANG_ANALYZER_NONNULL = YES;
				CLANG_ANALYZER_NUMBER_OBJECT_CONVERSION = YES_AGGRESSIVE;
				CLANG_CXX_LANGUAGE_STANDARD = "gnu++20";
				CLANG_ENABLE_MODULES = YES;
				CLANG_ENABLE_OBJC_ARC = YES;
				CLANG_ENABLE_OBJC_WEAK = YES;
				CLANG_WARN_BLOCK_CAPTURE_AUTORELEASING = YES;
				CLANG_WARN_BOOL_CONVERSION = YES;
				CLANG_WARN_COMMA = YES;
				CLANG_WARN_CONSTANT_CONVERSION = YES;
				CLANG_WARN_DEPRECATED_OBJC_IMPLEMENTATIONS = YES;
				CLANG_WARN_DIRECT_OBJC_ISA_USAGE = YES_ERROR;
				CLANG_WARN_DOCUMENTATION_COMMENTS = YES;
				CLANG_WARN_EMPTY_BODY = YES;
				CLANG_WARN_ENUM_CONVERSION = YES;
				CLANG_WARN_INFINITE_RECURSION = YES;
				CLANG_WARN_INT_CONVERSION = YES;
				CLANG_WARN_NON_LITERAL_NULL_CONVERSION = YES;
				CLANG_WARN_OBJC_IMPLICIT_RETAIN_SELF = YES;
				CLANG_WARN_OBJC_LITERAL_CONVERSION = YES;
				CLANG_WARN_OBJC_ROOT_CLASS = YES_ERROR;
				CLANG_WARN_QUOTED_INCLUDE_IN_FRAMEWORK_HEADER = YES;
				CLANG_WARN_RANGE_LOOP_ANALYSIS = YES;
				CLANG_WARN_STRICT_PROTOTYPES = YES;
				CLANG_WARN_SUSPICIOUS_MOVE = YES;
				CLANG_WARN_UNGUARDED_AVAILABILITY = YES_AGGRESSIVE;
				CLANG_WARN_UNREACHABLE_CODE = YES;
				CLANG_WARN__DUPLICATE_METHOD_MATCH = YES;
				COPY_PHASE_STRIP = NO;
				DEBUG_INFORMATION_FORMAT = dwarf;
				ENABLE_STRICT_OBJC_MSGSEND = YES;
				ENABLE_TESTABILITY = YES;
				GCC_C_LANGUAGE_STANDARD = gnu11;
				GCC_DYNAMIC_NO_PIC = NO;
				GCC_NO_COMMON_BLOCKS = YES;
				GCC_OPTIMIZATION_LEVEL = 0;
				GCC_PREPROCESSOR_DEFINITIONS = (
					"DEBUG=1",
					"$(inherited)",
				);
				GCC_WARN_64_TO_32_BIT_CONVERSION = YES;
				GCC_WARN_ABOUT_RETURN_TYPE = YES_ERROR;
				GCC_WARN_UNDECLARED_SELECTOR = YES;
				GCC_WARN_UNINITIALIZED_AUTOS = YES_AGGRESSIVE;
				GCC_WARN_UNUSED_FUNCTION = YES;
				GCC_WARN_UNUSED_VARIABLE = YES;
				IPHONEOS_DEPLOYMENT_TARGET = 16.2;
				MTL_ENABLE_DEBUG_INFO = INCLUDE_SOURCE;
				MTL_FAST_MATH = YES;
				ONLY_ACTIVE_ARCH = YES;
				SDKROOT = iphoneos;
				SWIFT_ACTIVE_COMPILATION_CONDITIONS = DEBUG;
				SWIFT_OPTIMIZATION_LEVEL = "-Onone";
			};
			name = Debug;
		};
		199C6ABA29C23F7400E788A7 /* Release */ = {
			isa = XCBuildConfiguration;
			buildSettings = {
				ALWAYS_SEARCH_USER_PATHS = NO;
				CLANG_ANALYZER_NONNULL = YES;
				CLANG_ANALYZER_NUMBER_OBJECT_CONVERSION = YES_AGGRESSIVE;
				CLANG_CXX_LANGUAGE_STANDARD = "gnu++20";
				CLANG_ENABLE_MODULES = YES;
				CLANG_ENABLE_OBJC_ARC = YES;
				CLANG_ENABLE_OBJC_WEAK = YES;
				CLANG_WARN_BLOCK_CAPTURE_AUTORELEASING = YES;
				CLANG_WARN_BOOL_CONVERSION = YES;
				CLANG_WARN_COMMA = YES;
				CLANG_WARN_CONSTANT_CONVERSION = YES;
				CLANG_WARN_DEPRECATED_OBJC_IMPLEMENTATIONS = YES;
				CLANG_WARN_DIRECT_OBJC_ISA_USAGE = YES_ERROR;
				CLANG_WARN_DOCUMENTATION_COMMENTS = YES;
				CLANG_WARN_EMPTY_BODY = YES;
				CLANG_WARN_ENUM_CONVERSION = YES;
				CLANG_WARN_INFINITE_RECURSION = YES;
				CLANG_WARN_INT_CONVERSION = YES;
				CLANG_WARN_NON_LITERAL_NULL_CONVERSION = YES;
				CLANG_WARN_OBJC_IMPLICIT_RETAIN_SELF = YES;
				CLANG_WARN_OBJC_LITERAL_CONVERSION = YES;
				CLANG_WARN_OBJC_ROOT_CLASS = YES_ERROR;
				CLANG_WARN_QUOTED_INCLUDE_IN_FRAMEWORK_HEADER = YES;
				CLANG_WARN_RANGE_LOOP_ANALYSIS = YES;
				CLANG_WARN_STRICT_PROTOTYPES = YES;
				CLANG_WARN_SUSPICIOUS_MOVE = YES;
				CLANG_WARN_UNGUARDED_AVAILABILITY = YES_AGGRESSIVE;
				CLANG_WARN_UNREACHABLE_CODE = YES;
				CLANG_WARN__DUPLICATE_METHOD_MATCH = YES;
				COPY_PHASE_STRIP = NO;
				DEBUG_INFORMATION_FORMAT = "dwarf-with-dsym";
				ENABLE_NS_ASSERTIONS = NO;
				ENABLE_STRICT_OBJC_MSGSEND = YES;
				GCC_C_LANGUAGE_STANDARD = gnu11;
				GCC_NO_COMMON_BLOCKS = YES;
				GCC_WARN_64_TO_32_BIT_CONVERSION = YES;
				GCC_WARN_ABOUT_RETURN_TYPE = YES_ERROR;
				GCC_WARN_UNDECLARED_SELECTOR = YES;
				GCC_WARN_UNINITIALIZED_AUTOS = YES_AGGRESSIVE;
				GCC_WARN_UNUSED_FUNCTION = YES;
				GCC_WARN_UNUSED_VARIABLE = YES;
				IPHONEOS_DEPLOYMENT_TARGET = 16.2;
				MTL_ENABLE_DEBUG_INFO = NO;
				MTL_FAST_MATH = YES;
				SDKROOT = iphoneos;
				SWIFT_COMPILATION_MODE = wholemodule;
				SWIFT_OPTIMIZATION_LEVEL = "-O";
				VALIDATE_PRODUCT = YES;
			};
			name = Release;
		};
		199C6ABC29C23F7400E788A7 /* Debug */ = {
			isa = XCBuildConfiguration;
			baseConfigurationReference = 41696227A7B0480EA54E5605 /* Pods-YoTi.debug.xcconfig */;
			buildSettings = {
				ASSETCATALOG_COMPILER_APPICON_NAME = AppIcon;
				ASSETCATALOG_COMPILER_GLOBAL_ACCENT_COLOR_NAME = AccentColor;
				CODE_SIGN_STYLE = Automatic;
				CURRENT_PROJECT_VERSION = 1;
				DEVELOPMENT_TEAM = FD2GDQ7A69;
				GENERATE_INFOPLIST_FILE = YES;
				INFOPLIST_FILE = YoTi/Info.plist;
				INFOPLIST_KEY_CFBundleDisplayName = YoTi;
				INFOPLIST_KEY_UIApplicationSupportsIndirectInputEvents = YES;
				INFOPLIST_KEY_UILaunchStoryboardName = LaunchScreen;
				INFOPLIST_KEY_UIMainStoryboardFile = Main;
				INFOPLIST_KEY_UISupportedInterfaceOrientations_iPad = "UIInterfaceOrientationPortrait UIInterfaceOrientationPortraitUpsideDown UIInterfaceOrientationLandscapeLeft UIInterfaceOrientationLandscapeRight";
				INFOPLIST_KEY_UISupportedInterfaceOrientations_iPhone = "UIInterfaceOrientationPortrait UIInterfaceOrientationLandscapeLeft UIInterfaceOrientationLandscapeRight";
				IPHONEOS_DEPLOYMENT_TARGET = 13.0;
				LD_RUNPATH_SEARCH_PATHS = (
					"$(inherited)",
					"@executable_path/Frameworks",
				);
				MARKETING_VERSION = 1.0;
				PRODUCT_BUNDLE_IDENTIFIER = com.dariyacode.YoTi;
				PRODUCT_NAME = "$(TARGET_NAME)";
				SWIFT_EMIT_LOC_STRINGS = YES;
				SWIFT_VERSION = 5.0;
				TARGETED_DEVICE_FAMILY = "1,2";
			};
			name = Debug;
		};
		199C6ABD29C23F7400E788A7 /* Release */ = {
			isa = XCBuildConfiguration;
			baseConfigurationReference = 0FDE3629BB60866A68C53226 /* Pods-YoTi.release.xcconfig */;
			buildSettings = {
				ASSETCATALOG_COMPILER_APPICON_NAME = AppIcon;
				ASSETCATALOG_COMPILER_GLOBAL_ACCENT_COLOR_NAME = AccentColor;
				CODE_SIGN_STYLE = Automatic;
				CURRENT_PROJECT_VERSION = 1;
				DEVELOPMENT_TEAM = FD2GDQ7A69;
				GENERATE_INFOPLIST_FILE = YES;
				INFOPLIST_FILE = YoTi/Info.plist;
				INFOPLIST_KEY_CFBundleDisplayName = YoTi;
				INFOPLIST_KEY_UIApplicationSupportsIndirectInputEvents = YES;
				INFOPLIST_KEY_UILaunchStoryboardName = LaunchScreen;
				INFOPLIST_KEY_UIMainStoryboardFile = Main;
				INFOPLIST_KEY_UISupportedInterfaceOrientations_iPad = "UIInterfaceOrientationPortrait UIInterfaceOrientationPortraitUpsideDown UIInterfaceOrientationLandscapeLeft UIInterfaceOrientationLandscapeRight";
				INFOPLIST_KEY_UISupportedInterfaceOrientations_iPhone = "UIInterfaceOrientationPortrait UIInterfaceOrientationLandscapeLeft UIInterfaceOrientationLandscapeRight";
				IPHONEOS_DEPLOYMENT_TARGET = 13.0;
				LD_RUNPATH_SEARCH_PATHS = (
					"$(inherited)",
					"@executable_path/Frameworks",
				);
				MARKETING_VERSION = 1.0;
				PRODUCT_BUNDLE_IDENTIFIER = com.dariyacode.YoTi;
				PRODUCT_NAME = "$(TARGET_NAME)";
				SWIFT_EMIT_LOC_STRINGS = YES;
				SWIFT_VERSION = 5.0;
				TARGETED_DEVICE_FAMILY = "1,2";
			};
			name = Release;
		};
/* End XCBuildConfiguration section */

/* Begin XCConfigurationList section */
		199C6AA229C23F7300E788A7 /* Build configuration list for PBXProject "YoTi" */ = {
			isa = XCConfigurationList;
			buildConfigurations = (
				199C6AB929C23F7400E788A7 /* Debug */,
				199C6ABA29C23F7400E788A7 /* Release */,
			);
			defaultConfigurationIsVisible = 0;
			defaultConfigurationName = Release;
		};
		199C6ABB29C23F7400E788A7 /* Build configuration list for PBXNativeTarget "YoTi" */ = {
			isa = XCConfigurationList;
			buildConfigurations = (
				199C6ABC29C23F7400E788A7 /* Debug */,
				199C6ABD29C23F7400E788A7 /* Release */,
			);
			defaultConfigurationIsVisible = 0;
			defaultConfigurationName = Release;
		};
/* End XCConfigurationList section */

/* Begin XCVersionGroup section */
		19426E9929D44C5900BF013D /* DataModel.xcdatamodeld */ = {
			isa = XCVersionGroup;
			children = (
				19426E9A29D44C5900BF013D /* DataModel.xcdatamodel */,
			);
			currentVersion = 19426E9A29D44C5900BF013D /* DataModel.xcdatamodel */;
			path = DataModel.xcdatamodeld;
			sourceTree = "<group>";
			versionGroupType = wrapper.xcdatamodel;
		};
/* End XCVersionGroup section */
	};
	rootObject = 199C6A9F29C23F7300E788A7 /* Project object */;
}
